{
  "nodes": {
    "nixpkgs": {
      "locked": {
        "lastModified": 1779955849,
        "narHash": "sha256-31mhzm2HpzRr/rupWAFfWBmt9SUjzwr5+giv5Nmb/rA=",
        "owner": "NixOS",
        "repo": "nixpkgs",
        "rev": "a2c6938835fca96e4a10c8561d461efd2f91d04f",
        "type": "github"
      },
      "original": {
        "owner": "NixOS",
        "ref": "nixos-unstable-small",
        "repo": "nixpkgs",
        "type": "github"
      }
    },
    "root": {
      "inputs": {
        "nixpkgs": "nixpkgs"
      }
    }
  },
  "root": "root",
  "version": 7
}
